
Microsoft Visual Studio Solution File, Format Version 12.00
# Visual Studio 14
VisualStudioVersion = 14.0.24720.0
MinimumVisualStudioVersion = 10.0.40219.1
Project("{FAE04EC0-301F-11D3-BF4B-00C04F79EFBC}") = "FilteringImage1", "FilteringImage\FilteringImage1.csproj", "{9EB1E034-3813-411B-BB1B-E766FC54B2B0}"
EndProject
Project("{FAE04EC0-301F-11D3-BF4B-00C04F79EFBC}") = "FilteringImage.Core", "FilteringImage.Core\FilteringImage.Core.csproj", "{7831D8AD-7B08-4C37-BF43-3D8A4B96E473}"
EndProject
Project("{FAE04EC0-301F-11D3-BF4B-00C04F79EFBC}") = "FilteringImage2", "FilteringImage2\FilteringImage2.csproj", "{E3EF96E5-9175-4E5F-9155-FA1BAB3C2B91}"
EndProject
Project("{FAE04EC0-301F-11D3-BF4B-00C04F79EFBC}") = "FilteringImage.Test.Fourier", "FilteringImage.Test.Fourier\FilteringImage.Test.Fourier.csproj", "{1553511C-961D-47F2-9B4F-58CE2D593C34}"
EndProject
Global
	GlobalSection(SolutionConfigurationPlatforms) = preSolution
		Debug|Any CPU = Debug|Any CPU
		Release|Any CPU = Release|Any CPU
	EndGlobalSection
	GlobalSection(ProjectConfigurationPlatforms) = postSolution
		{9EB1E034-3813-411B-BB1B-E766FC54B2B0}.Debug|Any CPU.ActiveCfg = Debug|Any CPU
		{9EB1E034-3813-411B-BB1B-E766FC54B2B0}.Debug|Any CPU.Build.0 = Debug|Any CPU
		{9EB1E034-3813-411B-BB1B-E766FC54B2B0}.Release|Any CPU.ActiveCfg = Release|Any CPU
		{9EB1E034-3813-411B-BB1B-E766FC54B2B0}.Release|Any CPU.Build.0 = Release|Any CPU
		{7831D8AD-7B08-4C37-BF43-3D8A4B96E473}.Debug|Any CPU.ActiveCfg = Debug|Any CPU
		{7831D8AD-7B08-4C37-BF43-3D8A4B96E473}.Debug|Any CPU.Build.0 = Debug|Any CPU
		{7831D8AD-7B08-4C37-BF43-3D8A4B96E473}.Release|Any CPU.ActiveCfg = Release|Any CPU
		{7831D8AD-7B08-4C37-BF43-3D8A4B96E473}.Release|Any CPU.Build.0 = Release|Any CPU
		{E3EF96E5-9175-4E5F-9155-FA1BAB3C2B91}.Debug|Any CPU.ActiveCfg = Debug|Any CPU
		{E3EF96E5-9175-4E5F-9155-FA1BAB3C2B91}.Debug|Any CPU.Build.0 = Debug|Any CPU
		{E3EF96E5-9175-4E5F-9155-FA1BAB3C2B91}.Release|Any CPU.ActiveCfg = Release|Any CPU
		{E3EF96E5-9175-4E5F-9155-FA1BAB3C2B91}.Release|Any CPU.Build.0 = Release|Any CPU
		{1553511C-961D-47F2-9B4F-58CE2D593C34}.Debug|Any CPU.ActiveCfg = Debug|Any CPU
		{1553511C-961D-47F2-9B4F-58CE2D593C34}.Debug|Any CPU.Build.0 = Debug|Any CPU
		{1553511C-961D-47F2-9B4F-58CE2D593C34}.Release|Any CPU.ActiveCfg = Release|Any CPU
		{1553511C-961D-47F2-9B4F-58CE2D593C34}.Release|Any CPU.Build.0 = Release|Any CPU
	EndGlobalSection
	GlobalSection(SolutionProperties) = preSolution
		HideSolutionNode = FALSE
	EndGlobalSection
EndGlobal
